
Microsoft Visual Studio Solution File, Format Version 12.00
# Visual Studio Version 17
VisualStudioVersion = 17.10.35027.167
MinimumVisualStudioVersion = 10.0.40219.1
Project("{9A19103F-16F7-4668-BE54-9A1E7A4F7556}") = "Sidio.OpenGraph", "src\Sidio.OpenGraph\Sidio.OpenGraph.csproj", "{C500718D-EC50-4AC1-9C3B-8E54A29CA25A}"
EndProject
Project("{2150E333-8FDC-42A3-9474-1A3956D46DE8}") = "Tests", "Tests", "{91D98267-CE97-486E-9AF7-5B4A2D1683A7}"
EndProject
Project("{9A19103F-16F7-4668-BE54-9A1E7A4F7556}") = "Sidio.OpenGraph.Tests", "src\Sidio.OpenGraph.Tests\Sidio.OpenGraph.Tests.csproj", "{306CA972-F812-4914-BCC1-445A2B9B51EA}"
EndProject
Project("{2150E333-8FDC-42A3-9474-1A3956D46DE8}") = "Src", "Src", "{BB057DA0-4544-41FA-936F-1853513A4676}"
EndProject
Project("{9A19103F-16F7-4668-BE54-9A1E7A4F7556}") = "Sidio.OpenGraph.AspNetCore", "src\Sidio.OpenGraph.AspNetCore\Sidio.OpenGraph.AspNetCore.csproj", "{1C19C192-169D-4ADE-8F0F-113EB7ECA320}"
EndProject
Project("{2150E333-8FDC-42A3-9474-1A3956D46DE8}") = "Examples", "Examples", "{9B929B84-A242-4AC2-9C68-1DA40370B22F}"
EndProject
Project("{FAE04EC0-301F-11D3-BF4B-00C04F79EFBC}") = "Sidio.OpenGraph.Examples.AspNetCore", "src\Sidio.OpenGraph.Examples.AspNetCore\Sidio.OpenGraph.Examples.AspNetCore.csproj", "{8CE6F64A-DA35-4A28-A9A3-3308ACB9AB61}"
EndProject
Project("{2150E333-8FDC-42A3-9474-1A3956D46DE8}") = "SolutionItems", "SolutionItems", "{3E6C1236-E09F-4DDD-860E-99509BA1B419}"
	ProjectSection(SolutionItems) = preProject
		.gitignore = .gitignore
		LICENSE = LICENSE
		README.md = README.md
	EndProjectSection
EndProject
Project("{FAE04EC0-301F-11D3-BF4B-00C04F79EFBC}") = "Sidio.OpenGraph.AspNetCore.Tests", "src\Sidio.OpenGraph.AspNetCore.Tests\Sidio.OpenGraph.AspNetCore.Tests.csproj", "{DCBEF9BA-494C-48FE-BB7D-24AACA02A63A}"
EndProject
Project("{2150E333-8FDC-42A3-9474-1A3956D46DE8}") = "Workflows", "Workflows", "{3571F819-A23C-48C4-B5D3-C0C281A0C0CE}"
	ProjectSection(SolutionItems) = preProject
		.github\dependabot.yml = .github\dependabot.yml
		.github\workflows\build.yml = .github\workflows\build.yml
		.github\workflows\release.yml = .github\workflows\release.yml
	EndProjectSection
EndProject
Global
	GlobalSection(SolutionConfigurationPlatforms) = preSolution
		Debug|Any CPU = Debug|Any CPU
		Release|Any CPU = Release|Any CPU
	EndGlobalSection
	GlobalSection(ProjectConfigurationPlatforms) = postSolution
		{C500718D-EC50-4AC1-9C3B-8E54A29CA25A}.Debug|Any CPU.ActiveCfg = Debug|Any CPU
		{C500718D-EC50-4AC1-9C3B-8E54A29CA25A}.Debug|Any CPU.Build.0 = Debug|Any CPU
		{C500718D-EC50-4AC1-9C3B-8E54A29CA25A}.Release|Any CPU.ActiveCfg = Release|Any CPU
		{C500718D-EC50-4AC1-9C3B-8E54A29CA25A}.Release|Any CPU.Build.0 = Release|Any CPU
		{306CA972-F812-4914-BCC1-445A2B9B51EA}.Debug|Any CPU.ActiveCfg = Debug|Any CPU
		{306CA972-F812-4914-BCC1-445A2B9B51EA}.Debug|Any CPU.Build.0 = Debug|Any CPU
		{306CA972-F812-4914-BCC1-445A2B9B51EA}.Release|Any CPU.ActiveCfg = Release|Any CPU
		{306CA972-F812-4914-BCC1-445A2B9B51EA}.Release|Any CPU.Build.0 = Release|Any CPU
		{1C19C192-169D-4ADE-8F0F-113EB7ECA320}.Debug|Any CPU.ActiveCfg = Debug|Any CPU
		{1C19C192-169D-4ADE-8F0F-113EB7ECA320}.Debug|Any CPU.Build.0 = Debug|Any CPU
		{1C19C192-169D-4ADE-8F0F-113EB7ECA320}.Release|Any CPU.ActiveCfg = Release|Any CPU
		{1C19C192-169D-4ADE-8F0F-113EB7ECA320}.Release|Any CPU.Build.0 = Release|Any CPU
		{8CE6F64A-DA35-4A28-A9A3-3308ACB9AB61}.Debug|Any CPU.ActiveCfg = Debug|Any CPU
		{8CE6F64A-DA35-4A28-A9A3-3308ACB9AB61}.Debug|Any CPU.Build.0 = Debug|Any CPU
		{8CE6F64A-DA35-4A28-A9A3-3308ACB9AB61}.Release|Any CPU.ActiveCfg = Release|Any CPU
		{8CE6F64A-DA35-4A28-A9A3-3308ACB9AB61}.Release|Any CPU.Build.0 = Release|Any CPU
		{DCBEF9BA-494C-48FE-BB7D-24AACA02A63A}.Debug|Any CPU.ActiveCfg = Debug|Any CPU
		{DCBEF9BA-494C-48FE-BB7D-24AACA02A63A}.Debug|Any CPU.Build.0 = Debug|Any CPU
		{DCBEF9BA-494C-48FE-BB7D-24AACA02A63A}.Release|Any CPU.ActiveCfg = Release|Any CPU
		{DCBEF9BA-494C-48FE-BB7D-24AACA02A63A}.Release|Any CPU.Build.0 = Release|Any CPU
	EndGlobalSection
	GlobalSection(SolutionProperties) = preSolution
		HideSolutionNode = FALSE
	EndGlobalSection
	GlobalSection(NestedProjects) = preSolution
		{C500718D-EC50-4AC1-9C3B-8E54A29CA25A} = {BB057DA0-4544-41FA-936F-1853513A4676}
		{306CA972-F812-4914-BCC1-445A2B9B51EA} = {91D98267-CE97-486E-9AF7-5B4A2D1683A7}
		{1C19C192-169D-4ADE-8F0F-113EB7ECA320} = {BB057DA0-4544-41FA-936F-1853513A4676}
		{8CE6F64A-DA35-4A28-A9A3-3308ACB9AB61} = {9B929B84-A242-4AC2-9C68-1DA40370B22F}
		{DCBEF9BA-494C-48FE-BB7D-24AACA02A63A} = {91D98267-CE97-486E-9AF7-5B4A2D1683A7}
	EndGlobalSection
	GlobalSection(ExtensibilityGlobals) = postSolution
		SolutionGuid = {2721999A-4C58-4E07-B61A-E217AC408653}
	EndGlobalSection
EndGlobal
